
Microsoft Visual Studio Solution File, Format Version 12.00
# Visual Studio 15
VisualStudioVersion = 15.0.28307.645
MinimumVisualStudioVersion = 10.0.40219.1
Project("{FAE04EC0-301F-11D3-BF4B-00C04F79EFBC}") = "CheckLoginPassword", "CheckLoginPassword\CheckLoginPassword.csproj", "{7D26B36A-66A0-4F31-B299-B4C101E2BF8A}"
EndProject
Global
	GlobalSection(SolutionConfigurationPlatforms) = preSolution
		Debug|Any CPU = Debug|Any CPU
		Release|Any CPU = Release|Any CPU
	EndGlobalSection
	GlobalSection(ProjectConfigurationPlatforms) = postSolution
		{7D26B36A-66A0-4F31-B299-B4C101E2BF8A}.Debug|Any CPU.ActiveCfg = Debug|Any CPU
		{7D26B36A-66A0-4F31-B299-B4C101E2BF8A}.Debug|Any CPU.Build.0 = Debug|Any CPU
		{7D26B36A-66A0-4F31-B299-B4C101E2BF8A}.Release|Any CPU.ActiveCfg = Release|Any CPU
		{7D26B36A-66A0-4F31-B299-B4C101E2BF8A}.Release|Any CPU.Build.0 = Release|Any CPU
	EndGlobalSection
	GlobalSection(SolutionProperties) = preSolution
		HideSolutionNode = FALSE
	EndGlobalSection
	GlobalSection(ExtensibilityGlobals) = postSolution
		SolutionGuid = {984914E7-D001-4279-B7AE-84212B02F6EA}
	EndGlobalSection
EndGlobal
